
Microsoft Visual Studio Solution File, Format Version 12.00
# Visual Studio 15
VisualStudioVersion = 15.0.28010.2041
MinimumVisualStudioVersion = 10.0.40219.1
Project("{FAE04EC0-301F-11D3-BF4B-00C04F79EFBC}") = "Gravel", "Gravel\Gravel.csproj", "{AE14A5C4-E32A-4DC4-B86B-0CE632629F62}"
EndProject
Global
	GlobalSection(SolutionConfigurationPlatforms) = preSolution
		Debug|Any CPU = Debug|Any CPU
		Release|Any CPU = Release|Any CPU
	EndGlobalSection
	GlobalSection(ProjectConfigurationPlatforms) = postSolution
		{AE14A5C4-E32A-4DC4-B86B-0CE632629F62}.Debug|Any CPU.ActiveCfg = Debug|Any CPU
		{AE14A5C4-E32A-4DC4-B86B-0CE632629F62}.Debug|Any CPU.Build.0 = Debug|Any CPU
		{AE14A5C4-E32A-4DC4-B86B-0CE632629F62}.Release|Any CPU.ActiveCfg = Release|Any CPU
		{AE14A5C4-E32A-4DC4-B86B-0CE632629F62}.Release|Any CPU.Build.0 = Release|Any CPU
	EndGlobalSection
	GlobalSection(SolutionProperties) = preSolution
		HideSolutionNode = FALSE
	EndGlobalSection
	GlobalSection(ExtensibilityGlobals) = postSolution
		SolutionGuid = {95F83E0D-9D35-4078-9579-558EC20CDD38}
	EndGlobalSection
EndGlobal
